
Microsoft Visual Studio Solution File, Format Version 12.00
# Visual Studio Version 16
VisualStudioVersion = 25.0.1706.8
MinimumVisualStudioVersion = 10.0.40219.1
Project("{FAE04EC0-301F-11D3-BF4B-00C04F79EFBC}") = "ContactManager", "ContactManager.csproj", "{953DD9B8-D01D-47DA-8092-A5774A3D82EB}"
EndProject
Global
	GlobalSection(SolutionConfigurationPlatforms) = preSolution
		Debug|Any CPU = Debug|Any CPU
		Release|Any CPU = Release|Any CPU
	EndGlobalSection
	GlobalSection(ProjectConfigurationPlatforms) = postSolution
		{953DD9B8-D01D-47DA-8092-A5774A3D82EB}.Debug|Any CPU.ActiveCfg = Debug|Any CPU
		{953DD9B8-D01D-47DA-8092-A5774A3D82EB}.Debug|Any CPU.Build.0 = Debug|Any CPU
		{953DD9B8-D01D-47DA-8092-A5774A3D82EB}.Release|Any CPU.ActiveCfg = Release|Any CPU
		{953DD9B8-D01D-47DA-8092-A5774A3D82EB}.Release|Any CPU.Build.0 = Release|Any CPU
	EndGlobalSection
	GlobalSection(SolutionProperties) = preSolution
		HideSolutionNode = FALSE
	EndGlobalSection
	GlobalSection(ExtensibilityGlobals) = postSolution
		SolutionGuid = {0135BA96-8ED3-491C-B0C9-096A4405AB72}
	EndGlobalSection
EndGlobal
